# This file is autogenerated, do not edit; changes may be undone by the next 'dep ensure'.


[[projects]]
  digest = "1:5bb36304653e73c2ced864d49c9f344e7141a7ceef852442edcea212094ebc3c"
  name = "github.com/beorn7/perks"
  packages = ["quantile"]
  pruneopts = "UT"
  revision = "4c0e84591b9aa9e6dcfdf3e020114cd81f89d5f9"

[[projects]]
  digest = "1:51617dad63eb5b6718ae856ab0881d10308864d6f70fd6c04355ea1af0477b06"
  name = "github.com/gogo/protobuf"
  packages = [
    "proto",
    "sortkeys",
    "types",
  ]
  pruneopts = "UT"
  revision = "15e5f49f11b8f01e78c402755dfdb51088f3b253"

[[projects]]
  digest = "1:07958823ae0e3fbcfe2117e1dc6c5b6cfc5e70900a9b686a3c22315b2cd0114a"
  name = "github.com/golang/protobuf"
  packages = [
    "jsonpb",
    "proto",
    "protoc-gen-go/descriptor",
    "ptypes/any",
    "ptypes/struct",
  ]
  pruneopts = "UT"
  revision = "0a4f71a498b7c4812f64969510bcb4eca251e33a"

[[projects]]
  digest = "1:29a5ab9fa9e845fd8e8726f31b187d710afd271ef1eb32085fe3d604b7e06382"
  name = "github.com/golang/snappy"
  packages = ["."]
  pruneopts = "UT"
  revision = "553a641470496b2327abcac10b36396bd98e45c9"

[[projects]]
  digest = "1:759ce059f6b76095d2f9e8bc37f9d4330f964f42bfe322a5fddffd8db7152a26"
  name = "github.com/grpc-ecosystem/grpc-gateway"
  packages = [
    "runtime",
    "runtime/internal",
    "utilities",
  ]
  pruneopts = "UT"
  revision = "e4b8a938efae14de11fd97311e873e989896348c"

[[projects]]
  digest = "1:ff5ebae34cfbf047d505ee150de27e60570e8c394b3b8fdbb720ff6ac71985fc"
  name = "github.com/matttproud/golang_protobuf_extensions"
  packages = ["pbutil"]
  pruneopts = "UT"
  revision = "c12348ce28de40eed0136aa2b644d0ee0650e56c"
  version = "v1.0.1"

[[projects]]
  branch = "master"
  digest = "1:d4b2269e6262767e76b145ad15ac6d8bce8b3f0ffd4ecc37110d8ea9bc6c3615"
  name = "github.com/namsral/flag"
  packages = ["."]
  pruneopts = "UT"
  revision = "67f268f20922975c067ed799e4be6bacf152208c"

[[projects]]
  digest = "1:40e195917a951a8bf867cd05de2a46aaf1806c50cf92eebf4c16f78cd196f747"
  name = "github.com/pkg/errors"
  packages = ["."]
  pruneopts = "UT"
  revision = "645ef00459ed84a119197bfb8d8205042c6df63d"
  version = "v0.8.0"

[[projects]]
  digest = "1:eeb34126dccdbcd596e12f9a42d164247f16cab3472c5641352333730859a524"
  name = "github.com/prometheus/client_golang"
  packages = ["prometheus"]
  pruneopts = "UT"
  revision = "967789050ba94deca04a5e84cce8ad472ce313c1"
  version = "v0.9.0-pre1"

[[projects]]
  digest = "1:32d10bdfa8f09ecf13598324dba86ab891f11db3c538b6a34d1c3b5b99d7c36b"
  name = "github.com/prometheus/client_model"
  packages = ["go"]
  pruneopts = "UT"
  revision = "6f3806018612930941127f2a7c6c453ba2c527d2"

[[projects]]
  digest = "1:79ac6d18d6b7eabed09995d83689c2c1d3c09dfdd892ddf3d2202765bef23582"
  name = "github.com/prometheus/common"
  packages = [
    "expfmt",
    "internal/bitbucket.org/ww/goautoneg",
    "model",
  ]
  pruneopts = "UT"
  revision = "1bab55dd05dbff384524a6a1c99006d9eb5f139b"

[[projects]]
  digest = "1:93ed91deb3bb95cf63bbe5ae3f16eb4b7559b438fc3a3c6917cd12cc31e38c08"
  name = "github.com/prometheus/procfs"
  packages = [
    ".",
    "xfs",
  ]
  pruneopts = "UT"
  revision = "a6e9df898b1336106c743392c48ee0b71f5c4efa"

[[projects]]
  digest = "1:a3a391aad7045e67421c9a5f6584464b860fc55344769eaaffd936b3e5321b46"
  name = "github.com/prometheus/prometheus"
  packages = ["prompb"]
  pruneopts = "UT"
  revision = "2c2702e22bebdb86061d005853cf22bcdf425ddb"

[[projects]]
  digest = "1:9d5cf6f23377cc24f00ba9a7b0c83fe070171c094e42eece262c6252a392ec33"
  name = "go.uber.org/atomic"
  packages = ["."]
  pruneopts = "UT"
  revision = "8474b86a5a6f79c443ce4b2992817ff32cf208b8"
  version = "v1.3.1"

[[projects]]
  digest = "1:60bf2a5e347af463c42ed31a493d817f8a72f102543060ed992754e689805d1a"
  name = "go.uber.org/multierr"
  packages = ["."]
  pruneopts = "UT"
  revision = "3c4937480c32f4c13a875a1829af76c98ca3d40a"
  version = "v1.1.0"

[[projects]]
  digest = "1:0d59cfb5fb7d699ef8442a0d049935f6d0034aa001ca8328d048a814e1661035"
  name = "go.uber.org/zap"
  packages = [
    ".",
    "buffer",
    "internal/bufferpool",
    "internal/color",
    "internal/exit",
    "zapcore",
  ]
  pruneopts = "UT"
  revision = "35aad584952c3e7020db7b839f6b102de6271f89"
  version = "v1.7.1"

[[projects]]
  digest = "1:e0cec8ae826cae3e38d7e26aa0c66b58aa580d9922b451de0fe21cdcc2eda367"
  name = "golang.org/x/net"
  packages = [
    "context",
    "http2",
    "http2/hpack",
    "idna",
    "internal/timeseries",
    "lex/httplex",
    "trace",
  ]
  pruneopts = "UT"
  revision = "5d0d7096b5f2ef7ba83f319c07ef63989a1c6f91"

[[projects]]
  digest = "1:97337ef8cb438f9e3a99ea91a300e916ed9a96fbf3ad50f9a020d30ea9f8692f"
  name = "golang.org/x/text"
  packages = [
    "internal/gen",
    "internal/triegen",
    "internal/ucd",
    "secure/bidirule",
    "transform",
    "unicode/bidi",
    "unicode/cldr",
    "unicode/norm",
    "unicode/rangetable",
  ]
  pruneopts = "UT"
  revision = "836efe42bb4aa16aaa17b9c155d8813d336ed720"

[[projects]]
  digest = "1:0efcfe82e59b828eb6f4115bba88ff45c0898c38e823fbe7f450bdffed9e739b"
  name = "google.golang.org/genproto"
  packages = [
    "googleapis/api/annotations",
    "googleapis/rpc/status",
  ]
  pruneopts = "UT"
  revision = "b0a3dcfcd1a9bd48e63634bd8802960804cf8315"

[[projects]]
  digest = "1:8d9ccf0a790b530f94357a5d27e9c86fb53e862b6e0f9133c792269c0b567218"
  name = "google.golang.org/grpc"
  packages = [
    ".",
    "codes",
    "connectivity",
    "credentials",
    "grpclb/grpc_lb_v1",
    "grpclog",
    "internal",
    "keepalive",
    "metadata",
    "naming",
    "peer",
    "stats",
    "status",
    "tap",
    "transport",
  ]
  pruneopts = "UT"
  revision = "b3ddf786825de56a4178401b7e174ee332173b66"
  version = "v1.5.2"

[[projects]]
  digest = "1:f037344a5827eaec3b9ffe1f5c58dbdb80e8c6694a5466ab946a01cd6f300d54"
  name = "gopkg.in/olivere/elastic.v5"
  packages = [
    ".",
    "config",
    "uritemplates",
  ]
  pruneopts = "UT"
  revision = "79ff368708b3a2a9da641dc831d95fd0782bf4ef"
  version = "v5.0.58"

[solve-meta]
  analyzer-name = "dep"
  analyzer-version = 1
  input-imports = [
    "github.com/gogo/protobuf/proto",
    "github.com/golang/snappy",
    "github.com/namsral/flag",
    "github.com/prometheus/client_golang/prometheus",
    "github.com/prometheus/common/model",
    "github.com/prometheus/prometheus/prompb",
    "go.uber.org/zap",
    "gopkg.in/olivere/elastic.v5",
  ]
  solver-name = "gps-cdcl"
  solver-version = 1
